// !$*UTF8*$!
{
	archiveVersion = 1;
	classes = {
	};
	objectVersion = 55;
	objects = {

/* Begin PBXBuildFile section */
		1548560E27BFE15000EDEAF8 /* Date+Helper.swift in Sources */ = {isa = PBXBuildFile; fileRef = 1548560D27BFE14F00EDEAF8 /* Date+Helper.swift */; };
		15C761B827C27FB70045DC13 /* ChatBubbleShape.swift in Sources */ = {isa = PBXBuildFile; fileRef = 15C761B727C27FB70045DC13 /* ChatBubbleShape.swift */; };
		15C761BD27C286F70045DC13 /* AvatarView.swift in Sources */ = {isa = PBXBuildFile; fileRef = 15C761BC27C286F70045DC13 /* AvatarView.swift */; };
		15C761BF27C289E30045DC13 /* MessageDetailView.swift in Sources */ = {isa = PBXBuildFile; fileRef = 15C761BE27C289E30045DC13 /* MessageDetailView.swift */; };
		15C761C127C536810045DC13 /* MomentsView.swift in Sources */ = {isa = PBXBuildFile; fileRef = 15C761C027C536810045DC13 /* MomentsView.swift */; };
		15C761C327C536970045DC13 /* ChannelsView.swift in Sources */ = {isa = PBXBuildFile; fileRef = 15C761C227C536970045DC13 /* ChannelsView.swift */; };
		15C761C527C5369E0045DC13 /* LiveView.swift in Sources */ = {isa = PBXBuildFile; fileRef = 15C761C427C5369E0045DC13 /* LiveView.swift */; };
		15C761C727C536A80045DC13 /* TopStoriesView.swift in Sources */ = {isa = PBXBuildFile; fileRef = 15C761C627C536A80045DC13 /* TopStoriesView.swift */; };
		15C761C927C536AF0045DC13 /* SearchView.swift in Sources */ = {isa = PBXBuildFile; fileRef = 15C761C827C536AF0045DC13 /* SearchView.swift */; };
		15C761CB27C536C00045DC13 /* NearbyView.swift in Sources */ = {isa = PBXBuildFile; fileRef = 15C761CA27C536C00045DC13 /* NearbyView.swift */; };
		15FDE07C27D78DCA008086FA /* View+SizeReader.swift in Sources */ = {isa = PBXBuildFile; fileRef = 15FDE07B27D78DCA008086FA /* View+SizeReader.swift */; };
		15FDE07E27D78E13008086FA /* FlexibleView.swift in Sources */ = {isa = PBXBuildFile; fileRef = 15FDE07D27D78E13008086FA /* FlexibleView.swift */; };
		15FDE0A027E5E796008086FA /* ImageViewer.swift in Sources */ = {isa = PBXBuildFile; fileRef = 15FDE09F27E5E795008086FA /* ImageViewer.swift */; };
		6C3E082727C630E300AC21BC /* Moment.swift in Sources */ = {isa = PBXBuildFile; fileRef = 6C3E082627C630E300AC21BC /* Moment.swift */; };
		6C3E082927C63AB400AC21BC /* MomentListRowView.swift in Sources */ = {isa = PBXBuildFile; fileRef = 6C3E082827C63AB400AC21BC /* MomentListRowView.swift */; };
		6C8508AB27E42A750036AF8E /* MyQRCodeView.swift in Sources */ = {isa = PBXBuildFile; fileRef = 6C8508AA27E42A750036AF8E /* MyQRCodeView.swift */; };
		6C86BD7C27C38B900055FF3F /* ImageLoaderService.swift in Sources */ = {isa = PBXBuildFile; fileRef = 6C86BD7B27C38B900055FF3F /* ImageLoaderService.swift */; };
		6C86BD7E27C38BF60055FF3F /* LocalFileManager.swift in Sources */ = {isa = PBXBuildFile; fileRef = 6C86BD7D27C38BF60055FF3F /* LocalFileManager.swift */; };
		6C86BD8027C390F50055FF3F /* CachedAsyncImage.swift in Sources */ = {isa = PBXBuildFile; fileRef = 6C86BD7F27C390F50055FF3F /* CachedAsyncImage.swift */; };
		6C86BD8227C4BC610055FF3F /* MessageListRow.swift in Sources */ = {isa = PBXBuildFile; fileRef = 6C86BD8127C4BC610055FF3F /* MessageListRow.swift */; };
		6C86BD8427C4C1CA0055FF3F /* Profile.swift in Sources */ = {isa = PBXBuildFile; fileRef = 6C86BD8327C4C1CA0055FF3F /* Profile.swift */; };
		6C86BD8627C4CA900055FF3F /* MessageDoubleTapView.swift in Sources */ = {isa = PBXBuildFile; fileRef = 6C86BD8527C4CA900055FF3F /* MessageDoubleTapView.swift */; };
		6C86BD8827C4CF600055FF3F /* ProfileViewModel.swift in Sources */ = {isa = PBXBuildFile; fileRef = 6C86BD8727C4CF600055FF3F /* ProfileViewModel.swift */; };
		6C86BD8B27C4E0210055FF3F /* Message.swift in Sources */ = {isa = PBXBuildFile; fileRef = 6C86BD8A27C4E0210055FF3F /* Message.swift */; };
		6C86BD8E27C5D7F30055FF3F /* README.md in Resources */ = {isa = PBXBuildFile; fileRef = 6C86BD8D27C5D7F30055FF3F /* README.md */; };
		6C86BD9027C5EADB0055FF3F /* BackButton.swift in Sources */ = {isa = PBXBuildFile; fileRef = 6C86BD8F27C5EADB0055FF3F /* BackButton.swift */; };
		6C86BD9227C60A050055FF3F /* ContactsViewModel.swift in Sources */ = {isa = PBXBuildFile; fileRef = 6C86BD9127C60A050055FF3F /* ContactsViewModel.swift */; };
		6C86BD9427C6138E0055FF3F /* CustomLinkRow.swift in Sources */ = {isa = PBXBuildFile; fileRef = 6C86BD9327C6138E0055FF3F /* CustomLinkRow.swift */; };
		6C8FAB4327DA0E6A00DE001E /* MyProfileView.swift in Sources */ = {isa = PBXBuildFile; fileRef = 6C8FAB4227DA0E6A00DE001E /* MyProfileView.swift */; };
		6C92536B27BF40DA003ADCBA /* SwiftUIWeChatApp.swift in Sources */ = {isa = PBXBuildFile; fileRef = 6C92536A27BF40DA003ADCBA /* SwiftUIWeChatApp.swift */; };
		6C92536D27BF40DA003ADCBA /* ContentView.swift in Sources */ = {isa = PBXBuildFile; fileRef = 6C92536C27BF40DA003ADCBA /* ContentView.swift */; };
		6C92536F27BF40DD003ADCBA /* Assets.xcassets in Resources */ = {isa = PBXBuildFile; fileRef = 6C92536E27BF40DD003ADCBA /* Assets.xcassets */; };
		6C92537227BF40DD003ADCBA /* Preview Assets.xcassets in Resources */ = {isa = PBXBuildFile; fileRef = 6C92537127BF40DD003ADCBA /* Preview Assets.xcassets */; };
		6C92538127BF41AF003ADCBA /* ContactsTabView.swift in Sources */ = {isa = PBXBuildFile; fileRef = 6C92538027BF41AF003ADCBA /* ContactsTabView.swift */; };
		6C92538327BF41BC003ADCBA /* ChatsTabView.swift in Sources */ = {isa = PBXBuildFile; fileRef = 6C92538227BF41BC003ADCBA /* ChatsTabView.swift */; };
		6C92538527BF41C7003ADCBA /* DiscoverTabView.swift in Sources */ = {isa = PBXBuildFile; fileRef = 6C92538427BF41C7003ADCBA /* DiscoverTabView.swift */; };
		6C92538727BF41D1003ADCBA /* MeTabView.swift in Sources */ = {isa = PBXBuildFile; fileRef = 6C92538627BF41D1003ADCBA /* MeTabView.swift */; };
		6C92538927BF526C003ADCBA /* Chat.swift in Sources */ = {isa = PBXBuildFile; fileRef = 6C92538827BF526C003ADCBA /* Chat.swift */; };
		6C92538C27BF55AA003ADCBA /* PreviewProvider+Mock.swift in Sources */ = {isa = PBXBuildFile; fileRef = 6C92538B27BF55AA003ADCBA /* PreviewProvider+Mock.swift */; };
		6C92538E27BF5787003ADCBA /* ChatViewModel.swift in Sources */ = {isa = PBXBuildFile; fileRef = 6C92538D27BF5787003ADCBA /* ChatViewModel.swift */; };
		6C92539027BF58FD003ADCBA /* ChatListRow.swift in Sources */ = {isa = PBXBuildFile; fileRef = 6C92538F27BF58FD003ADCBA /* ChatListRow.swift */; };
		6C92539427BF9227003ADCBA /* MessageListView.swift in Sources */ = {isa = PBXBuildFile; fileRef = 6C92539327BF9227003ADCBA /* MessageListView.swift */; };
		6C92539D27BFAAA4003ADCBA /* chat.json in Resources */ = {isa = PBXBuildFile; fileRef = 6C92539C27BFAAA4003ADCBA /* chat.json */; };
		6CB8DC1C27D9CBB30078D0F5 /* String+PinYin.swift in Sources */ = {isa = PBXBuildFile; fileRef = 6CB8DC1B27D9CBB30078D0F5 /* String+PinYin.swift */; };
		6CB8DC1E27D9CEBA0078D0F5 /* Contact.swift in Sources */ = {isa = PBXBuildFile; fileRef = 6CB8DC1D27D9CEBA0078D0F5 /* Contact.swift */; };
		6CC9A10927E30C8A002A6775 /* Localizable.strings in Resources */ = {isa = PBXBuildFile; fileRef = 6CC9A10B27E30C8A002A6775 /* Localizable.strings */; };
		6CC9A10E27E3198F002A6775 /* EditContact.swift in Sources */ = {isa = PBXBuildFile; fileRef = 6CC9A10D27E3198F002A6775 /* EditContact.swift */; };
		6CC9A11027E344FC002A6775 /* QRView.swift in Sources */ = {isa = PBXBuildFile; fileRef = 6CC9A10F27E344FC002A6775 /* QRView.swift */; };
		6CE5B37027D1B78F0025D46C /* StickerViewModel.swift in Sources */ = {isa = PBXBuildFile; fileRef = 6CE5B36F27D1B78F0025D46C /* StickerViewModel.swift */; };
		6CE5B37227D1BD170025D46C /* LocalCache.swift in Sources */ = {isa = PBXBuildFile; fileRef = 6CE5B37127D1BD170025D46C /* LocalCache.swift */; };
		6CE5B37627D204080025D46C /* ProfileView.swift in Sources */ = {isa = PBXBuildFile; fileRef = 6CE5B37527D204080025D46C /* ProfileView.swift */; };
		6CE5B37827D214890025D46C /* MomentEditorView.swift in Sources */ = {isa = PBXBuildFile; fileRef = 6CE5B37727D214890025D46C /* MomentEditorView.swift */; };
		6CE5B39C27D5E3300025D46C /* MomentLikesView.swift in Sources */ = {isa = PBXBuildFile; fileRef = 6CE5B39B27D5E3300025D46C /* MomentLikesView.swift */; };
		6CE5B39E27D5FC730025D46C /* MomentCommentsView.swift in Sources */ = {isa = PBXBuildFile; fileRef = 6CE5B39D27D5FC730025D46C /* MomentCommentsView.swift */; };
		6CE5B3A027D601680025D46C /* MomentsViewModels.swift in Sources */ = {isa = PBXBuildFile; fileRef = 6CE5B39F27D601680025D46C /* MomentsViewModels.swift */; };
		6CFB73A527D0C0F900FC7873 /* StickerView.swift in Sources */ = {isa = PBXBuildFile; fileRef = 6CFB73A427D0C0F900FC7873 /* StickerView.swift */; };
/* End PBXBuildFile section */

/* Begin PBXFileReference section */
		1548560D27BFE14F00EDEAF8 /* Date+Helper.swift */ = {isa = PBXFileReference; lastKnownFileType = sourcecode.swift; path = "Date+Helper.swift"; sourceTree = "<group>"; };
		15C761B727C27FB70045DC13 /* ChatBubbleShape.swift */ = {isa = PBXFileReference; lastKnownFileType = sourcecode.swift; path = ChatBubbleShape.swift; sourceTree = "<group>"; };
		15C761BC27C286F70045DC13 /* AvatarView.swift */ = {isa = PBXFileReference; lastKnownFileType = sourcecode.swift; path = AvatarView.swift; sourceTree = "<group>"; };
		15C761BE27C289E30045DC13 /* MessageDetailView.swift */ = {isa = PBXFileReference; lastKnownFileType = sourcecode.swift; path = MessageDetailView.swift; sourceTree = "<group>"; };
		15C761C027C536810045DC13 /* MomentsView.swift */ = {isa = PBXFileReference; lastKnownFileType = sourcecode.swift; path = MomentsView.swift; sourceTree = "<group>"; };
		15C761C227C536970045DC13 /* ChannelsView.swift */ = {isa = PBXFileReference; lastKnownFileType = sourcecode.swift; path = ChannelsView.swift; sourceTree = "<group>"; };
		15C761C427C5369E0045DC13 /* LiveView.swift */ = {isa = PBXFileReference; lastKnownFileType = sourcecode.swift; path = LiveView.swift; sourceTree = "<group>"; };
		15C761C627C536A80045DC13 /* TopStoriesView.swift */ = {isa = PBXFileReference; lastKnownFileType = sourcecode.swift; path = TopStoriesView.swift; sourceTree = "<group>"; };
		15C761C827C536AF0045DC13 /* SearchView.swift */ = {isa = PBXFileReference; lastKnownFileType = sourcecode.swift; path = SearchView.swift; sourceTree = "<group>"; };
		15C761CA27C536C00045DC13 /* NearbyView.swift */ = {isa = PBXFileReference; lastKnownFileType = sourcecode.swift; path = NearbyView.swift; sourceTree = "<group>"; };
		15FDE07B27D78DCA008086FA /* View+SizeReader.swift */ = {isa = PBXFileReference; lastKnownFileType = sourcecode.swift; path = "View+SizeReader.swift"; sourceTree = "<group>"; };
		15FDE07D27D78E13008086FA /* FlexibleView.swift */ = {isa = PBXFileReference; lastKnownFileType = sourcecode.swift; path = FlexibleView.swift; sourceTree = "<group>"; };
		15FDE09F27E5E795008086FA /* ImageViewer.swift */ = {isa = PBXFileReference; lastKnownFileType = sourcecode.swift; path = ImageViewer.swift; sourceTree = "<group>"; };
		6C3E082627C630E300AC21BC /* Moment.swift */ = {isa = PBXFileReference; lastKnownFileType = sourcecode.swift; path = Moment.swift; sourceTree = "<group>"; };
		6C3E082827C63AB400AC21BC /* MomentListRowView.swift */ = {isa = PBXFileReference; lastKnownFileType = sourcecode.swift; path = MomentListRowView.swift; sourceTree = "<group>"; };
		6C8508AA27E42A750036AF8E /* MyQRCodeView.swift */ = {isa = PBXFileReference; lastKnownFileType = sourcecode.swift; path = MyQRCodeView.swift; sourceTree = "<group>"; };
		6C86BD7B27C38B900055FF3F /* ImageLoaderService.swift */ = {isa = PBXFileReference; lastKnownFileType = sourcecode.swift; path = ImageLoaderService.swift; sourceTree = "<group>"; };
		6C86BD7D27C38BF60055FF3F /* LocalFileManager.swift */ = {isa = PBXFileReference; lastKnownFileType = sourcecode.swift; path = LocalFileManager.swift; sourceTree = "<group>"; };
		6C86BD7F27C390F50055FF3F /* CachedAsyncImage.swift */ = {isa = PBXFileReference; lastKnownFileType = sourcecode.swift; path = CachedAsyncImage.swift; sourceTree = "<group>"; };
		6C86BD8127C4BC610055FF3F /* MessageListRow.swift */ = {isa = PBXFileReference; lastKnownFileType = sourcecode.swift; path = MessageListRow.swift; sourceTree = "<group>"; };
		6C86BD8327C4C1CA0055FF3F /* Profile.swift */ = {isa = PBXFileReference; lastKnownFileType = sourcecode.swift; path = Profile.swift; sourceTree = "<group>"; };
		6C86BD8527C4CA900055FF3F /* MessageDoubleTapView.swift */ = {isa = PBXFileReference; lastKnownFileType = sourcecode.swift; path = MessageDoubleTapView.swift; sourceTree = "<group>"; };
		6C86BD8727C4CF600055FF3F /* ProfileViewModel.swift */ = {isa = PBXFileReference; lastKnownFileType = sourcecode.swift; path = ProfileViewModel.swift; sourceTree = "<group>"; };
		6C86BD8A27C4E0210055FF3F /* Message.swift */ = {isa = PBXFileReference; lastKnownFileType = sourcecode.swift; path = Message.swift; sourceTree = "<group>"; };
		6C86BD8D27C5D7F30055FF3F /* README.md */ = {isa = PBXFileReference; fileEncoding = 4; lastKnownFileType = net.daringfireball.markdown; path = README.md; sourceTree = "<group>"; };
		6C86BD8F27C5EADB0055FF3F /* BackButton.swift */ = {isa = PBXFileReference; lastKnownFileType = sourcecode.swift; path = BackButton.swift; sourceTree = "<group>"; };
		6C86BD9127C60A050055FF3F /* ContactsViewModel.swift */ = {isa = PBXFileReference; lastKnownFileType = sourcecode.swift; path = ContactsViewModel.swift; sourceTree = "<group>"; };
		6C86BD9327C6138E0055FF3F /* CustomLinkRow.swift */ = {isa = PBXFileReference; lastKnownFileType = sourcecode.swift; path = CustomLinkRow.swift; sourceTree = "<group>"; };
		6C8FAB4227DA0E6A00DE001E /* MyProfileView.swift */ = {isa = PBXFileReference; lastKnownFileType = sourcecode.swift; path = MyProfileView.swift; sourceTree = "<group>"; };
		6C92536727BF40DA003ADCBA /* SwiftUIWeChat.app */ = {isa = PBXFileReference; explicitFileType = wrapper.application; includeInIndex = 0; path = SwiftUIWeChat.app; sourceTree = BUILT_PRODUCTS_DIR; };
		6C92536A27BF40DA003ADCBA /* SwiftUIWeChatApp.swift */ = {isa = PBXFileReference; lastKnownFileType = sourcecode.swift; path = SwiftUIWeChatApp.swift; sourceTree = "<group>"; };
		6C92536C27BF40DA003ADCBA /* ContentView.swift */ = {isa = PBXFileReference; lastKnownFileType = sourcecode.swift; path = ContentView.swift; sourceTree = "<group>"; };
		6C92536E27BF40DD003ADCBA /* Assets.xcassets */ = {isa = PBXFileReference; lastKnownFileType = folder.assetcatalog; path = Assets.xcassets; sourceTree = "<group>"; };
		6C92537127BF40DD003ADCBA /* Preview Assets.xcassets */ = {isa = PBXFileReference; lastKnownFileType = folder.assetcatalog; path = "Preview Assets.xcassets"; sourceTree = "<group>"; };
		6C92538027BF41AF003ADCBA /* ContactsTabView.swift */ = {isa = PBXFileReference; lastKnownFileType = sourcecode.swift; path = ContactsTabView.swift; sourceTree = "<group>"; };
		6C92538227BF41BC003ADCBA /* ChatsTabView.swift */ = {isa = PBXFileReference; lastKnownFileType = sourcecode.swift; path = ChatsTabView.swift; sourceTree = "<group>"; };
		6C92538427BF41C7003ADCBA /* DiscoverTabView.swift */ = {isa = PBXFileReference; lastKnownFileType = sourcecode.swift; path = DiscoverTabView.swift; sourceTree = "<group>"; };
		6C92538627BF41D1003ADCBA /* MeTabView.swift */ = {isa = PBXFileReference; lastKnownFileType = sourcecode.swift; path = MeTabView.swift; sourceTree = "<group>"; };
		6C92538827BF526C003ADCBA /* Chat.swift */ = {isa = PBXFileReference; lastKnownFileType = sourcecode.swift; path = Chat.swift; sourceTree = "<group>"; };
		6C92538B27BF55AA003ADCBA /* PreviewProvider+Mock.swift */ = {isa = PBXFileReference; lastKnownFileType = sourcecode.swift; path = "PreviewProvider+Mock.swift"; sourceTree = "<group>"; };
		6C92538D27BF5787003ADCBA /* ChatViewModel.swift */ = {isa = PBXFileReference; lastKnownFileType = sourcecode.swift; path = ChatViewModel.swift; sourceTree = "<group>"; };
		6C92538F27BF58FD003ADCBA /* ChatListRow.swift */ = {isa = PBXFileReference; lastKnownFileType = sourcecode.swift; path = ChatListRow.swift; sourceTree = "<group>"; };
		6C92539327BF9227003ADCBA /* MessageListView.swift */ = {isa = PBXFileReference; lastKnownFileType = sourcecode.swift; path = MessageListView.swift; sourceTree = "<group>"; };
		6C92539C27BFAAA4003ADCBA /* chat.json */ = {isa = PBXFileReference; lastKnownFileType = text.json; path = chat.json; sourceTree = "<group>"; };
		6CB8DC1B27D9CBB30078D0F5 /* String+PinYin.swift */ = {isa = PBXFileReference; lastKnownFileType = sourcecode.swift; path = "String+PinYin.swift"; sourceTree = "<group>"; };
		6CB8DC1D27D9CEBA0078D0F5 /* Contact.swift */ = {isa = PBXFileReference; lastKnownFileType = sourcecode.swift; path = Contact.swift; sourceTree = "<group>"; };
		6CC9A10A27E30C8A002A6775 /* en */ = {isa = PBXFileReference; lastKnownFileType = text.plist.strings; name = en; path = en.lproj/Localizable.strings; sourceTree = "<group>"; };
		6CC9A10C27E30C8B002A6775 /* zh-Hans */ = {isa = PBXFileReference; lastKnownFileType = text.plist.strings; name = "zh-Hans"; path = "zh-Hans.lproj/Localizable.strings"; sourceTree = "<group>"; };
		6CC9A10D27E3198F002A6775 /* EditContact.swift */ = {isa = PBXFileReference; lastKnownFileType = sourcecode.swift; path = EditContact.swift; sourceTree = "<group>"; };
		6CC9A10F27E344FC002A6775 /* QRView.swift */ = {isa = PBXFileReference; lastKnownFileType = sourcecode.swift; path = QRView.swift; sourceTree = "<group>"; };
		6CE5B36F27D1B78F0025D46C /* StickerViewModel.swift */ = {isa = PBXFileReference; lastKnownFileType = sourcecode.swift; path = StickerViewModel.swift; sourceTree = "<group>"; };
		6CE5B37127D1BD170025D46C /* LocalCache.swift */ = {isa = PBXFileReference; lastKnownFileType = sourcecode.swift; path = LocalCache.swift; sourceTree = "<group>"; };
		6CE5B37527D204080025D46C /* ProfileView.swift */ = {isa = PBXFileReference; lastKnownFileType = sourcecode.swift; path = ProfileView.swift; sourceTree = "<group>"; };
		6CE5B37727D214890025D46C /* MomentEditorView.swift */ = {isa = PBXFileReference; lastKnownFileType = sourcecode.swift; path = MomentEditorView.swift; sourceTree = "<group>"; };
		6CE5B39B27D5E3300025D46C /* MomentLikesView.swift */ = {isa = PBXFileReference; lastKnownFileType = sourcecode.swift; path = MomentLikesView.swift; sourceTree = "<group>"; };
		6CE5B39D27D5FC730025D46C /* MomentCommentsView.swift */ = {isa = PBXFileReference; lastKnownFileType = sourcecode.swift; path = MomentCommentsView.swift; sourceTree = "<group>"; };
		6CE5B39F27D601680025D46C /* MomentsViewModels.swift */ = {isa = PBXFileReference; lastKnownFileType = sourcecode.swift; path = MomentsViewModels.swift; sourceTree = "<group>"; };
		6CFB73A427D0C0F900FC7873 /* StickerView.swift */ = {isa = PBXFileReference; lastKnownFileType = sourcecode.swift; path = StickerView.swift; sourceTree = "<group>"; };
/* End PBXFileReference section */

/* Begin PBXFrameworksBuildPhase section */
		6C92536427BF40DA003ADCBA /* Frameworks */ = {
			isa = PBXFrameworksBuildPhase;
			buildActionMask = 2147483647;
			files = (
			);
			runOnlyForDeploymentPostprocessing = 0;
		};
/* End PBXFrameworksBuildPhase section */

/* Begin PBXGroup section */
		15C761B927C280F10045DC13 /* Components */ = {
			isa = PBXGroup;
			children = (
				15C761BC27C286F70045DC13 /* AvatarView.swift */,
				6C86BD7F27C390F50055FF3F /* CachedAsyncImage.swift */,
				6C86BD8F27C5EADB0055FF3F /* BackButton.swift */,
				6C86BD9327C6138E0055FF3F /* CustomLinkRow.swift */,
				6CE5B37527D204080025D46C /* ProfileView.swift */,
				6CC9A10D27E3198F002A6775 /* EditContact.swift */,
				15FDE07D27D78E13008086FA /* FlexibleView.swift */,
				6CC9A10F27E344FC002A6775 /* QRView.swift */,
			);
			path = Components;
			sourceTree = "<group>";
		};
		15FDE07F27D791AA008086FA /* Moments */ = {
			isa = PBXGroup;
			children = (
				15C761C027C536810045DC13 /* MomentsView.swift */,
				6C3E082827C63AB400AC21BC /* MomentListRowView.swift */,
				6CE5B39B27D5E3300025D46C /* MomentLikesView.swift */,
				6CE5B39D27D5FC730025D46C /* MomentCommentsView.swift */,
				6CE5B37727D214890025D46C /* MomentEditorView.swift */,
				15FDE09F27E5E795008086FA /* ImageViewer.swift */,
			);
			path = Moments;
			sourceTree = "<group>";
		};
		6C86BD7A27C38B820055FF3F /* Services */ = {
			isa = PBXGroup;
			children = (
				6C86BD7B27C38B900055FF3F /* ImageLoaderService.swift */,
				6C86BD7D27C38BF60055FF3F /* LocalFileManager.swift */,
				6CE5B37127D1BD170025D46C /* LocalCache.swift */,
			);
			path = Services;
			sourceTree = "<group>";
		};
		6C86BD8927C4DFFF0055FF3F /* Models */ = {
			isa = PBXGroup;
			children = (
				6C92538827BF526C003ADCBA /* Chat.swift */,
				6C86BD8327C4C1CA0055FF3F /* Profile.swift */,
				6CB8DC1D27D9CEBA0078D0F5 /* Contact.swift */,
				6C86BD8A27C4E0210055FF3F /* Message.swift */,
				6C3E082627C630E300AC21BC /* Moment.swift */,
			);
			path = Models;
			sourceTree = "<group>";
		};
		6C86BD8C27C4E4D10055FF3F /* ViewModels */ = {
			isa = PBXGroup;
			children = (
				6C92538D27BF5787003ADCBA /* ChatViewModel.swift */,
				6C86BD9127C60A050055FF3F /* ContactsViewModel.swift */,
				6C86BD8727C4CF600055FF3F /* ProfileViewModel.swift */,
				6CE5B39F27D601680025D46C /* MomentsViewModels.swift */,
			);
			path = ViewModels;
			sourceTree = "<group>";
		};
		6C92535E27BF40DA003ADCBA = {
			isa = PBXGroup;
			children = (
				6C86BD8D27C5D7F30055FF3F /* README.md */,
				6C92536927BF40DA003ADCBA /* SwiftUIWeChat */,
				6C92536827BF40DA003ADCBA /* Products */,
			);
			sourceTree = "<group>";
		};
		6C92536827BF40DA003ADCBA /* Products */ = {
			isa = PBXGroup;
			children = (
				6C92536727BF40DA003ADCBA /* SwiftUIWeChat.app */,
			);
			name = Products;
			sourceTree = "<group>";
		};
		6C92536927BF40DA003ADCBA /* SwiftUIWeChat */ = {
			isa = PBXGroup;
			children = (
				6C92536A27BF40DA003ADCBA /* SwiftUIWeChatApp.swift */,
				6C92537827BF40ED003ADCBA /* Shared */,
				6C92536E27BF40DD003ADCBA /* Assets.xcassets */,
				6C92537027BF40DD003ADCBA /* Preview Content */,
			);
			path = SwiftUIWeChat;
			sourceTree = "<group>";
		};
		6C92537027BF40DD003ADCBA /* Preview Content */ = {
			isa = PBXGroup;
			children = (
				6C92537127BF40DD003ADCBA /* Preview Assets.xcassets */,
			);
			path = "Preview Content";
			sourceTree = "<group>";
		};
		6C92537827BF40ED003ADCBA /* Shared */ = {
			isa = PBXGroup;
			children = (
				6C92538A27BF5593003ADCBA /* Extension */,
				6C92539227BF84FA003ADCBA /* Resources */,
				6C86BD8927C4DFFF0055FF3F /* Models */,
				6C86BD8C27C4E4D10055FF3F /* ViewModels */,
				6C86BD7A27C38B820055FF3F /* Services */,
				15C761B927C280F10045DC13 /* Components */,
				6C92539127BF84F1003ADCBA /* Styles */,
				6C92537D27BF4161003ADCBA /* Me */,
				6C92537C27BF4143003ADCBA /* Discover */,
				6C92537B27BF413B003ADCBA /* Contacts */,
				6C92537A27BF412C003ADCBA /* Chats */,
				6C92537927BF40FD003ADCBA /* Navigation */,
			);
			path = Shared;
			sourceTree = "<group>";
		};
		6C92537927BF40FD003ADCBA /* Navigation */ = {
			isa = PBXGroup;
			children = (
				6C92536C27BF40DA003ADCBA /* ContentView.swift */,
			);
			path = Navigation;
			sourceTree = "<group>";
		};
		6C92537A27BF412C003ADCBA /* Chats */ = {
			isa = PBXGroup;
			children = (
				6C92538227BF41BC003ADCBA /* ChatsTabView.swift */,
				6C92538F27BF58FD003ADCBA /* ChatListRow.swift */,
				6C92539327BF9227003ADCBA /* MessageListView.swift */,
				6C86BD8127C4BC610055FF3F /* MessageListRow.swift */,
				6CFB73A427D0C0F900FC7873 /* StickerView.swift */,
				6CE5B36F27D1B78F0025D46C /* StickerViewModel.swift */,
				6C86BD8527C4CA900055FF3F /* MessageDoubleTapView.swift */,
				15C761BE27C289E30045DC13 /* MessageDetailView.swift */,
			);
			path = Chats;
			sourceTree = "<group>";
		};
		6C92537B27BF413B003ADCBA /* Contacts */ = {
			isa = PBXGroup;
			children = (
				6C92538027BF41AF003ADCBA /* ContactsTabView.swift */,
			);
			path = Contacts;
			sourceTree = "<group>";
		};
		6C92537C27BF4143003ADCBA /* Discover */ = {
			isa = PBXGroup;
			children = (
				6C92538427BF41C7003ADCBA /* DiscoverTabView.swift */,
				15C761C227C536970045DC13 /* ChannelsView.swift */,
				15C761C427C5369E0045DC13 /* LiveView.swift */,
				15C761C627C536A80045DC13 /* TopStoriesView.swift */,
				15C761C827C536AF0045DC13 /* SearchView.swift */,
				15C761CA27C536C00045DC13 /* NearbyView.swift */,
				15FDE07F27D791AA008086FA /* Moments */,
			);
			path = Discover;
			sourceTree = "<group>";
		};
		6C92537D27BF4161003ADCBA /* Me */ = {
			isa = PBXGroup;
			children = (
				6C92538627BF41D1003ADCBA /* MeTabView.swift */,
				6C8FAB4227DA0E6A00DE001E /* MyProfileView.swift */,
				6C8508AA27E42A750036AF8E /* MyQRCodeView.swift */,
			);
			path = Me;
			sourceTree = "<group>";
		};
		6C92538A27BF5593003ADCBA /* Extension */ = {
			isa = PBXGroup;
			children = (
				6C92538B27BF55AA003ADCBA /* PreviewProvider+Mock.swift */,
				1548560D27BFE14F00EDEAF8 /* Date+Helper.swift */,
				15FDE07B27D78DCA008086FA /* View+SizeReader.swift */,
				6CB8DC1B27D9CBB30078D0F5 /* String+PinYin.swift */,
			);
			path = Extension;
			sourceTree = "<group>";
		};
		6C92539127BF84F1003ADCBA /* Styles */ = {
			isa = PBXGroup;
			children = (
				15C761B727C27FB70045DC13 /* ChatBubbleShape.swift */,
			);
			path = Styles;
			sourceTree = "<group>";
		};
		6C92539227BF84FA003ADCBA /* Resources */ = {
			isa = PBXGroup;
			children = (
				6C92539C27BFAAA4003ADCBA /* chat.json */,
				6CC9A10B27E30C8A002A6775 /* Localizable.strings */,
			);
			path = Resources;
			sourceTree = "<group>";
		};
/* End PBXGroup section */

/* Begin PBXNativeTarget section */
		6C92536627BF40DA003ADCBA /* SwiftUIWeChat */ = {
			isa = PBXNativeTarget;
			buildConfigurationList = 6C92537527BF40DD003ADCBA /* Build configuration list for PBXNativeTarget "SwiftUIWeChat" */;
			buildPhases = (
				6C92536327BF40DA003ADCBA /* Sources */,
				6C92536427BF40DA003ADCBA /* Frameworks */,
				6C92536527BF40DA003ADCBA /* Resources */,
			);
			buildRules = (
			);
			dependencies = (
			);
			name = SwiftUIWeChat;
			productName = SwiftUIWeChat;
			productReference = 6C92536727BF40DA003ADCBA /* SwiftUIWeChat.app */;
			productType = "com.apple.product-type.application";
		};
/* End PBXNativeTarget section */

/* Begin PBXProject section */
		6C92535F27BF40DA003ADCBA /* Project object */ = {
			isa = PBXProject;
			attributes = {
				BuildIndependentTargetsInParallel = 1;
				LastSwiftUpdateCheck = 1310;
				LastUpgradeCheck = 1310;
				TargetAttributes = {
					6C92536627BF40DA003ADCBA = {
						CreatedOnToolsVersion = 13.1;
					};
				};
			};
			buildConfigurationList = 6C92536227BF40DA003ADCBA /* Build configuration list for PBXProject "SwiftUIWeChat" */;
			compatibilityVersion = "Xcode 13.0";
			developmentRegion = en;
			hasScannedForEncodings = 0;
			knownRegions = (
				en,
				Base,
				"zh-Hans",
			);
			mainGroup = 6C92535E27BF40DA003ADCBA;
			productRefGroup = 6C92536827BF40DA003ADCBA /* Products */;
			projectDirPath = "";
			projectRoot = "";
			targets = (
				6C92536627BF40DA003ADCBA /* SwiftUIWeChat */,
			);
		};
/* End PBXProject section */

/* Begin PBXResourcesBuildPhase section */
		6C92536527BF40DA003ADCBA /* Resources */ = {
			isa = PBXResourcesBuildPhase;
			buildActionMask = 2147483647;
			files = (
				6CC9A10927E30C8A002A6775 /* Localizable.strings in Resources */,
				6C92539D27BFAAA4003ADCBA /* chat.json in Resources */,
				6C86BD8E27C5D7F30055FF3F /* README.md in Resources */,
				6C92537227BF40DD003ADCBA /* Preview Assets.xcassets in Resources */,
				6C92536F27BF40DD003ADCBA /* Assets.xcassets in Resources */,
			);
			runOnlyForDeploymentPostprocessing = 0;
		};
/* End PBXResourcesBuildPhase section */

/* Begin PBXSourcesBuildPhase section */
		6C92536327BF40DA003ADCBA /* Sources */ = {
			isa = PBXSourcesBuildPhase;
			buildActionMask = 2147483647;
			files = (
				15FDE0A027E5E796008086FA /* ImageViewer.swift in Sources */,
				6C86BD7C27C38B900055FF3F /* ImageLoaderService.swift in Sources */,
				6C86BD7E27C38BF60055FF3F /* LocalFileManager.swift in Sources */,
				6CE5B37027D1B78F0025D46C /* StickerViewModel.swift in Sources */,
				15C761C327C536970045DC13 /* ChannelsView.swift in Sources */,
				6CB8DC1E27D9CEBA0078D0F5 /* Contact.swift in Sources */,
				6C92538527BF41C7003ADCBA /* DiscoverTabView.swift in Sources */,
				6C92536D27BF40DA003ADCBA /* ContentView.swift in Sources */,
				6C92539027BF58FD003ADCBA /* ChatListRow.swift in Sources */,
				6CE5B37827D214890025D46C /* MomentEditorView.swift in Sources */,
				1548560E27BFE15000EDEAF8 /* Date+Helper.swift in Sources */,
				6C92538927BF526C003ADCBA /* Chat.swift in Sources */,
				15C761BF27C289E30045DC13 /* MessageDetailView.swift in Sources */,
				6C92538127BF41AF003ADCBA /* ContactsTabView.swift in Sources */,
				6C92538327BF41BC003ADCBA /* ChatsTabView.swift in Sources */,
				6CE5B37227D1BD170025D46C /* LocalCache.swift in Sources */,
				6CFB73A527D0C0F900FC7873 /* StickerView.swift in Sources */,
				6C8FAB4327DA0E6A00DE001E /* MyProfileView.swift in Sources */,
				6CE5B39C27D5E3300025D46C /* MomentLikesView.swift in Sources */,
				6CE5B37627D204080025D46C /* ProfileView.swift in Sources */,
				15C761C127C536810045DC13 /* MomentsView.swift in Sources */,
				6C86BD8427C4C1CA0055FF3F /* Profile.swift in Sources */,
				15C761CB27C536C00045DC13 /* NearbyView.swift in Sources */,
				6CE5B3A027D601680025D46C /* MomentsViewModels.swift in Sources */,
				6C86BD9027C5EADB0055FF3F /* BackButton.swift in Sources */,
				6C92539427BF9227003ADCBA /* MessageListView.swift in Sources */,
				6CB8DC1C27D9CBB30078D0F5 /* String+PinYin.swift in Sources */,
				15C761C727C536A80045DC13 /* TopStoriesView.swift in Sources */,
				6CC9A11027E344FC002A6775 /* QRView.swift in Sources */,
				15C761B827C27FB70045DC13 /* ChatBubbleShape.swift in Sources */,
				6C92538727BF41D1003ADCBA /* MeTabView.swift in Sources */,
				6C86BD8827C4CF600055FF3F /* ProfileViewModel.swift in Sources */,
				6CC9A10E27E3198F002A6775 /* EditContact.swift in Sources */,
				6C8508AB27E42A750036AF8E /* MyQRCodeView.swift in Sources */,
				15FDE07E27D78E13008086FA /* FlexibleView.swift in Sources */,
				6C3E082727C630E300AC21BC /* Moment.swift in Sources */,
				6C86BD9427C6138E0055FF3F /* CustomLinkRow.swift in Sources */,
				6C92536B27BF40DA003ADCBA /* SwiftUIWeChatApp.swift in Sources */,
				6C86BD9227C60A050055FF3F /* ContactsViewModel.swift in Sources */,
				6C92538E27BF5787003ADCBA /* ChatViewModel.swift in Sources */,
				6C3E082927C63AB400AC21BC /* MomentListRowView.swift in Sources */,
				6C86BD8227C4BC610055FF3F /* MessageListRow.swift in Sources */,
				15C761C527C5369E0045DC13 /* LiveView.swift in Sources */,
				15C761BD27C286F70045DC13 /* AvatarView.swift in Sources */,
				6C92538C27BF55AA003ADCBA /* PreviewProvider+Mock.swift in Sources */,
				15C761C927C536AF0045DC13 /* SearchView.swift in Sources */,
				6C86BD8B27C4E0210055FF3F /* Message.swift in Sources */,
				6C86BD8027C390F50055FF3F /* CachedAsyncImage.swift in Sources */,
				6C86BD8627C4CA900055FF3F /* MessageDoubleTapView.swift in Sources */,
				6CE5B39E27D5FC730025D46C /* MomentCommentsView.swift in Sources */,
				15FDE07C27D78DCA008086FA /* View+SizeReader.swift in Sources */,
			);
			runOnlyForDeploymentPostprocessing = 0;
		};
/* End PBXSourcesBuildPhase section */

/* Begin PBXVariantGroup section */
		6CC9A10B27E30C8A002A6775 /* Localizable.strings */ = {
			isa = PBXVariantGroup;
			children = (
				6CC9A10A27E30C8A002A6775 /* en */,
				6CC9A10C27E30C8B002A6775 /* zh-Hans */,
			);
			name = Localizable.strings;
			sourceTree = "<group>";
		};
/* End PBXVariantGroup section */

/* Begin XCBuildConfiguration section */
		6C92537327BF40DD003ADCBA /* Debug */ = {
			isa = XCBuildConfiguration;
			buildSettings = {
				ALWAYS_SEARCH_USER_PATHS = NO;
				CLANG_ANALYZER_NONNULL = YES;
				CLANG_ANALYZER_NUMBER_OBJECT_CONVERSION = YES_AGGRESSIVE;
				CLANG_CXX_LANGUAGE_STANDARD = "gnu++17";
				CLANG_CXX_LIBRARY = "libc++";
				CLANG_ENABLE_MODULES = YES;
				CLANG_ENABLE_OBJC_ARC = YES;
				CLANG_ENABLE_OBJC_WEAK = YES;
				CLANG_WARN_BLOCK_CAPTURE_AUTORELEASING = YES;
				CLANG_WARN_BOOL_CONVERSION = YES;
				CLANG_WARN_COMMA = YES;
				CLANG_WARN_CONSTANT_CONVERSION = YES;
				CLANG_WARN_DEPRECATED_OBJC_IMPLEMENTATIONS = YES;
				CLANG_WARN_DIRECT_OBJC_ISA_USAGE = YES_ERROR;
				CLANG_WARN_DOCUMENTATION_COMMENTS = YES;
				CLANG_WARN_EMPTY_BODY = YES;
				CLANG_WARN_ENUM_CONVERSION = YES;
				CLANG_WARN_INFINITE_RECURSION = YES;
				CLANG_WARN_INT_CONVERSION = YES;
				CLANG_WARN_NON_LITERAL_NULL_CONVERSION = YES;
				CLANG_WARN_OBJC_IMPLICIT_RETAIN_SELF = YES;
				CLANG_WARN_OBJC_LITERAL_CONVERSION = YES;
				CLANG_WARN_OBJC_ROOT_CLASS = YES_ERROR;
				CLANG_WARN_QUOTED_INCLUDE_IN_FRAMEWORK_HEADER = YES;
				CLANG_WARN_RANGE_LOOP_ANALYSIS = YES;
				CLANG_WARN_STRICT_PROTOTYPES = YES;
				CLANG_WARN_SUSPICIOUS_MOVE = YES;
				CLANG_WARN_UNGUARDED_AVAILABILITY = YES_AGGRESSIVE;
				CLANG_WARN_UNREACHABLE_CODE = YES;
				CLANG_WARN__DUPLICATE_METHOD_MATCH = YES;
				COPY_PHASE_STRIP = NO;
				DEBUG_INFORMATION_FORMAT = dwarf;
				ENABLE_STRICT_OBJC_MSGSEND = YES;
				ENABLE_TESTABILITY = YES;
				GCC_C_LANGUAGE_STANDARD = gnu11;
				GCC_DYNAMIC_NO_PIC = NO;
				GCC_NO_COMMON_BLOCKS = YES;
				GCC_OPTIMIZATION_LEVEL = 0;
				GCC_PREPROCESSOR_DEFINITIONS = (
					"DEBUG=1",
					"$(inherited)",
				);
				GCC_WARN_64_TO_32_BIT_CONVERSION = YES;
				GCC_WARN_ABOUT_RETURN_TYPE = YES_ERROR;
				GCC_WARN_UNDECLARED_SELECTOR = YES;
				GCC_WARN_UNINITIALIZED_AUTOS = YES_AGGRESSIVE;
				GCC_WARN_UNUSED_FUNCTION = YES;
				GCC_WARN_UNUSED_VARIABLE = YES;
				IPHONEOS_DEPLOYMENT_TARGET = 15.0;
				MTL_ENABLE_DEBUG_INFO = INCLUDE_SOURCE;
				MTL_FAST_MATH = YES;
				ONLY_ACTIVE_ARCH = YES;
				SDKROOT = iphoneos;
				SWIFT_ACTIVE_COMPILATION_CONDITIONS = DEBUG;
				SWIFT_OPTIMIZATION_LEVEL = "-Onone";
			};
			name = Debug;
		};
		6C92537427BF40DD003ADCBA /* Release */ = {
			isa = XCBuildConfiguration;
			buildSettings = {
				ALWAYS_SEARCH_USER_PATHS = NO;
				CLANG_ANALYZER_NONNULL = YES;
				CLANG_ANALYZER_NUMBER_OBJECT_CONVERSION = YES_AGGRESSIVE;
				CLANG_CXX_LANGUAGE_STANDARD = "gnu++17";
				CLANG_CXX_LIBRARY = "libc++";
				CLANG_ENABLE_MODULES = YES;
				CLANG_ENABLE_OBJC_ARC = YES;
				CLANG_ENABLE_OBJC_WEAK = YES;
				CLANG_WARN_BLOCK_CAPTURE_AUTORELEASING = YES;
				CLANG_WARN_BOOL_CONVERSION = YES;
				CLANG_WARN_COMMA = YES;
				CLANG_WARN_CONSTANT_CONVERSION = YES;
				CLANG_WARN_DEPRECATED_OBJC_IMPLEMENTATIONS = YES;
				CLANG_WARN_DIRECT_OBJC_ISA_USAGE = YES_ERROR;
				CLANG_WARN_DOCUMENTATION_COMMENTS = YES;
				CLANG_WARN_EMPTY_BODY = YES;
				CLANG_WARN_ENUM_CONVERSION = YES;
				CLANG_WARN_INFINITE_RECURSION = YES;
				CLANG_WARN_INT_CONVERSION = YES;
				CLANG_WARN_NON_LITERAL_NULL_CONVERSION = YES;
				CLANG_WARN_OBJC_IMPLICIT_RETAIN_SELF = YES;
				CLANG_WARN_OBJC_LITERAL_CONVERSION = YES;
				CLANG_WARN_OBJC_ROOT_CLASS = YES_ERROR;
				CLANG_WARN_QUOTED_INCLUDE_IN_FRAMEWORK_HEADER = YES;
				CLANG_WARN_RANGE_LOOP_ANALYSIS = YES;
				CLANG_WARN_STRICT_PROTOTYPES = YES;
				CLANG_WARN_SUSPICIOUS_MOVE = YES;
				CLANG_WARN_UNGUARDED_AVAILABILITY = YES_AGGRESSIVE;
				CLANG_WARN_UNREACHABLE_CODE = YES;
				CLANG_WARN__DUPLICATE_METHOD_MATCH = YES;
				COPY_PHASE_STRIP = NO;
				DEBUG_INFORMATION_FORMAT = "dwarf-with-dsym";
				ENABLE_NS_ASSERTIONS = NO;
				ENABLE_STRICT_OBJC_MSGSEND = YES;
				GCC_C_LANGUAGE_STANDARD = gnu11;
				GCC_NO_COMMON_BLOCKS = YES;
				GCC_WARN_64_TO_32_BIT_CONVERSION = YES;
				GCC_WARN_ABOUT_RETURN_TYPE = YES_ERROR;
				GCC_WARN_UNDECLARED_SELECTOR = YES;
				GCC_WARN_UNINITIALIZED_AUTOS = YES_AGGRESSIVE;
				GCC_WARN_UNUSED_FUNCTION = YES;
				GCC_WARN_UNUSED_VARIABLE = YES;
				IPHONEOS_DEPLOYMENT_TARGET = 15.0;
				MTL_ENABLE_DEBUG_INFO = NO;
				MTL_FAST_MATH = YES;
				SDKROOT = iphoneos;
				SWIFT_COMPILATION_MODE = wholemodule;
				SWIFT_OPTIMIZATION_LEVEL = "-O";
				VALIDATE_PRODUCT = YES;
			};
			name = Release;
		};
		6C92537627BF40DD003ADCBA /* Debug */ = {
			isa = XCBuildConfiguration;
			buildSettings = {
				ASSETCATALOG_COMPILER_APPICON_NAME = AppIcon;
				ASSETCATALOG_COMPILER_GLOBAL_ACCENT_COLOR_NAME = AccentColor;
				CODE_SIGN_STYLE = Automatic;
				CURRENT_PROJECT_VERSION = 1;
				DEVELOPMENT_ASSET_PATHS = "\"SwiftUIWeChat/Preview Content\"";
				ENABLE_PREVIEWS = YES;
				GENERATE_INFOPLIST_FILE = YES;
				INFOPLIST_KEY_UIApplicationSceneManifest_Generation = YES;
				INFOPLIST_KEY_UIApplicationSupportsIndirectInputEvents = YES;
				INFOPLIST_KEY_UILaunchScreen_Generation = YES;
				INFOPLIST_KEY_UISupportedInterfaceOrientations_iPad = "UIInterfaceOrientationPortrait UIInterfaceOrientationPortraitUpsideDown UIInterfaceOrientationLandscapeLeft UIInterfaceOrientationLandscapeRight";
				INFOPLIST_KEY_UISupportedInterfaceOrientations_iPhone = "UIInterfaceOrientationPortrait UIInterfaceOrientationLandscapeLeft UIInterfaceOrientationLandscapeRight";
				LD_RUNPATH_SEARCH_PATHS = (
					"$(inherited)",
					"@executable_path/Frameworks",
				);
				MARKETING_VERSION = 1.0;
				PRODUCT_BUNDLE_IDENTIFIER = com.chenxi.SwiftUIWeChat;
				PRODUCT_NAME = "$(TARGET_NAME)";
				SWIFT_EMIT_LOC_STRINGS = YES;
				SWIFT_VERSION = 5.0;
				TARGETED_DEVICE_FAMILY = "1,2";
			};
			name = Debug;
		};
		6C92537727BF40DD003ADCBA /* Release */ = {
			isa = XCBuildConfiguration;
			buildSettings = {
				ASSETCATALOG_COMPILER_APPICON_NAME = AppIcon;
				ASSETCATALOG_COMPILER_GLOBAL_ACCENT_COLOR_NAME = AccentColor;
				CODE_SIGN_STYLE = Automatic;
				CURRENT_PROJECT_VERSION = 1;
				DEVELOPMENT_ASSET_PATHS = "\"SwiftUIWeChat/Preview Content\"";
				ENABLE_PREVIEWS = YES;
				GENERATE_INFOPLIST_FILE = YES;
				INFOPLIST_KEY_UIApplicationSceneManifest_Generation = YES;
				INFOPLIST_KEY_UIApplicationSupportsIndirectInputEvents = YES;
				INFOPLIST_KEY_UILaunchScreen_Generation = YES;
				INFOPLIST_KEY_UISupportedInterfaceOrientations_iPad = "UIInterfaceOrientationPortrait UIInterfaceOrientationPortraitUpsideDown UIInterfaceOrientationLandscapeLeft UIInterfaceOrientationLandscapeRight";
				INFOPLIST_KEY_UISupportedInterfaceOrientations_iPhone = "UIInterfaceOrientationPortrait UIInterfaceOrientationLandscapeLeft UIInterfaceOrientationLandscapeRight";
				LD_RUNPATH_SEARCH_PATHS = (
					"$(inherited)",
					"@executable_path/Frameworks",
				);
				MARKETING_VERSION = 1.0;
				PRODUCT_BUNDLE_IDENTIFIER = com.chenxi.SwiftUIWeChat;
				PRODUCT_NAME = "$(TARGET_NAME)";
				SWIFT_EMIT_LOC_STRINGS = YES;
				SWIFT_VERSION = 5.0;
				TARGETED_DEVICE_FAMILY = "1,2";
			};
			name = Release;
		};
/* End XCBuildConfiguration section */

/* Begin XCConfigurationList section */
		6C92536227BF40DA003ADCBA /* Build configuration list for PBXProject "SwiftUIWeChat" */ = {
			isa = XCConfigurationList;
			buildConfigurations = (
				6C92537327BF40DD003ADCBA /* Debug */,
				6C92537427BF40DD003ADCBA /* Release */,
			);
			defaultConfigurationIsVisible = 0;
			defaultConfigurationName = Release;
		};
		6C92537527BF40DD003ADCBA /* Build configuration list for PBXNativeTarget "SwiftUIWeChat" */ = {
			isa = XCConfigurationList;
			buildConfigurations = (
				6C92537627BF40DD003ADCBA /* Debug */,
				6C92537727BF40DD003ADCBA /* Release */,
			);
			defaultConfigurationIsVisible = 0;
			defaultConfigurationName = Release;
		};
/* End XCConfigurationList section */
	};
	rootObject = 6C92535F27BF40DA003ADCBA /* Project object */;
}
